// !$*UTF8*$!
{
	archiveVersion = 1;
	classes = {
	};
	objectVersion = 46;
	objects = {

/* Begin PBXBuildFile section */
		925378791DFA24A00026847C /* main.cpp in Sources */ = {isa = PBXBuildFile; fileRef = 925378781DFA24A00026847C /* main.cpp */; };
		92ACF0C11DFB924C003CF3D5 /* resources in CopyFiles */ = {isa = PBXBuildFile; fileRef = 92ACF0BF1DFB91F6003CF3D5 /* resources */; };
/* End PBXBuildFile section */

/* Begin PBXCopyFilesBuildPhase section */
		925378731DFA24A00026847C /* CopyFiles */ = {
			isa = PBXCopyFilesBuildPhase;
			buildActionMask = 2147483647;
			dstPath = /usr/share/man/man1/;
			dstSubfolderSpec = 0;
			files = (
			);
			runOnlyForDeploymentPostprocessing = 1;
		};
		92ACF0C01DFB9206003CF3D5 /* CopyFiles */ = {
			isa = PBXCopyFilesBuildPhase;
			buildActionMask = 2147483647;
			dstPath = "";
			dstSubfolderSpec = 7;
			files = (
				92ACF0C11DFB924C003CF3D5 /* resources in CopyFiles */,
			);
			runOnlyForDeploymentPostprocessing = 0;
		};
/* End PBXCopyFilesBuildPhase section */

/* Begin PBXFileReference section */
		925378751DFA24A00026847C /* OpenGLTutorial-1 */ = {isa = PBXFileReference; explicitFileType = "compiled.mach-o.executable"; includeInIndex = 0; path = "OpenGLTutorial-1"; sourceTree = BUILT_PRODUCTS_DIR; };
		925378781DFA24A00026847C /* main.cpp */ = {isa = PBXFileReference; lastKnownFileType = sourcecode.cpp.cpp; path = main.cpp; sourceTree = "<group>"; };
		92ACF0BE1DFB8E7D003CF3D5 /* Shader.h */ = {isa = PBXFileReference; lastKnownFileType = sourcecode.c.h; path = Shader.h; sourceTree = "<group>"; };
		92ACF0BF1DFB91F6003CF3D5 /* resources */ = {isa = PBXFileReference; lastKnownFileType = folder; path = resources; sourceTree = "<group>"; };
		92ACF1951DFC7CA1003CF3D5 /* Camera.h */ = {isa = PBXFileReference; lastKnownFileType = sourcecode.c.h; path = Camera.h; sourceTree = "<group>"; };
/* End PBXFileReference section */

/* Begin PBXFrameworksBuildPhase section */
		925378721DFA24A00026847C /* Frameworks */ = {
			isa = PBXFrameworksBuildPhase;
			buildActionMask = 2147483647;
			files = (
			);
			runOnlyForDeploymentPostprocessing = 0;
		};
/* End PBXFrameworksBuildPhase section */

/* Begin PBXGroup section */
		9253786C1DFA24A00026847C = {
			isa = PBXGroup;
			children = (
				925378771DFA24A00026847C /* OpenGLTutorial-1 */,
				925378761DFA24A00026847C /* Products */,
				9253787F1DFA24C50026847C /* Frameworks */,
			);
			sourceTree = "<group>";
		};
		925378761DFA24A00026847C /* Products */ = {
			isa = PBXGroup;
			children = (
				925378751DFA24A00026847C /* OpenGLTutorial-1 */,
			);
			name = Products;
			sourceTree = "<group>";
		};
		925378771DFA24A00026847C /* OpenGLTutorial-1 */ = {
			isa = PBXGroup;
			children = (
				92ACF0BF1DFB91F6003CF3D5 /* resources */,
				925378781DFA24A00026847C /* main.cpp */,
				92ACF0BE1DFB8E7D003CF3D5 /* Shader.h */,
				92ACF1951DFC7CA1003CF3D5 /* Camera.h */,
			);
			path = "OpenGLTutorial-1";
			sourceTree = "<group>";
		};
		9253787F1DFA24C50026847C /* Frameworks */ = {
			isa = PBXGroup;
			children = (
			);
			name = Frameworks;
			sourceTree = "<group>";
		};
/* End PBXGroup section */

/* Begin PBXNativeTarget section */
		925378741DFA24A00026847C /* OpenGLTutorial-1 */ = {
			isa = PBXNativeTarget;
			buildConfigurationList = 9253787C1DFA24A00026847C /* Build configuration list for PBXNativeTarget "OpenGLTutorial-1" */;
			buildPhases = (
				925378711DFA24A00026847C /* Sources */,
				925378721DFA24A00026847C /* Frameworks */,
				925378731DFA24A00026847C /* CopyFiles */,
				92ACF0C01DFB9206003CF3D5 /* CopyFiles */,
			);
			buildRules = (
			);
			dependencies = (
			);
			name = "OpenGLTutorial-1";
			productName = "OpenGLTutorial-1";
			productReference = 925378751DFA24A00026847C /* OpenGLTutorial-1 */;
			productType = "com.apple.product-type.tool";
		};
/* End PBXNativeTarget section */

/* Begin PBXProject section */
		9253786D1DFA24A00026847C /* Project object */ = {
			isa = PBXProject;
			attributes = {
				LastUpgradeCheck = 0810;
				ORGANIZATIONNAME = "Aryan Kashyap";
				TargetAttributes = {
					925378741DFA24A00026847C = {
						CreatedOnToolsVersion = 8.1;
						DevelopmentTeam = AFNEC75D99;
						ProvisioningStyle = Automatic;
					};
				};
			};
			buildConfigurationList = 925378701DFA24A00026847C /* Build configuration list for PBXProject "OpenGL-Textures" */;
			compatibilityVersion = "Xcode 3.2";
			developmentRegion = English;
			hasScannedForEncodings = 0;
			knownRegions = (
				en,
			);
			mainGroup = 9253786C1DFA24A00026847C;
			productRefGroup = 925378761DFA24A00026847C /* Products */;
			projectDirPath = "";
			projectRoot = "";
			targets = (
				925378741DFA24A00026847C /* OpenGLTutorial-1 */,
			);
		};
/* End PBXProject section */

/* Begin PBXSourcesBuildPhase section */
		925378711DFA24A00026847C /* Sources */ = {
			isa = PBXSourcesBuildPhase;
			buildActionMask = 2147483647;
			files = (
				925378791DFA24A00026847C /* main.cpp in Sources */,
			);
			runOnlyForDeploymentPostprocessing = 0;
		};
/* End PBXSourcesBuildPhase section */

/* Begin XCBuildConfiguration section */
		9253787A1DFA24A00026847C /* Debug */ = {
			isa = XCBuildConfiguration;
			buildSettings = {
				ALWAYS_SEARCH_USER_PATHS = NO;
				CLANG_ANALYZER_NONNULL = YES;
				CLANG_CXX_LANGUAGE_STANDARD = "gnu++0x";
				CLANG_CXX_LIBRARY = "libc++";
				CLANG_ENABLE_MODULES = YES;
				CLANG_ENABLE_OBJC_ARC = YES;
				CLANG_WARN_BOOL_CONVERSION = YES;
				CLANG_WARN_CONSTANT_CONVERSION = YES;
				CLANG_WARN_DIRECT_OBJC_ISA_USAGE = YES_ERROR;
				CLANG_WARN_DOCUMENTATION_COMMENTS = YES;
				CLANG_WARN_EMPTY_BODY = YES;
				CLANG_WARN_ENUM_CONVERSION = YES;
				CLANG_WARN_INFINITE_RECURSION = YES;
				CLANG_WARN_INT_CONVERSION = YES;
				CLANG_WARN_OBJC_ROOT_CLASS = YES_ERROR;
				CLANG_WARN_SUSPICIOUS_MOVES = YES;
				CLANG_WARN_UNREACHABLE_CODE = YES;
				CLANG_WARN__DUPLICATE_METHOD_MATCH = YES;
				CODE_SIGN_IDENTITY = "-";
				COPY_PHASE_STRIP = NO;
				DEBUG_INFORMATION_FORMAT = dwarf;
				ENABLE_STRICT_OBJC_MSGSEND = YES;
				ENABLE_TESTABILITY = YES;
				GCC_C_LANGUAGE_STANDARD = gnu99;
				GCC_DYNAMIC_NO_PIC = NO;
				GCC_NO_COMMON_BLOCKS = YES;
				GCC_OPTIMIZATION_LEVEL = 0;
				GCC_PREPROCESSOR_DEFINITIONS = (
					"DEBUG=1",
					"$(inherited)",
				);
				GCC_WARN_64_TO_32_BIT_CONVERSION = YES;
				GCC_WARN_ABOUT_RETURN_TYPE = YES_ERROR;
				GCC_WARN_UNDECLARED_SELECTOR = YES;
				GCC_WARN_UNINITIALIZED_AUTOS = YES_AGGRESSIVE;
				GCC_WARN_UNUSED_FUNCTION = YES;
				GCC_WARN_UNUSED_VARIABLE = YES;
				MACOSX_DEPLOYMENT_TARGET = 10.12;
				MTL_ENABLE_DEBUG_INFO = YES;
				ONLY_ACTIVE_ARCH = YES;
				SDKROOT = macosx;
			};
			name = Debug;
		};
		9253787B1DFA24A00026847C /* Release */ = {
			isa = XCBuildConfiguration;
			buildSettings = {
				ALWAYS_SEARCH_USER_PATHS = NO;
				CLANG_ANALYZER_NONNULL = YES;
				CLANG_CXX_LANGUAGE_STANDARD = "gnu++0x";
				CLANG_CXX_LIBRARY = "libc++";
				CLANG_ENABLE_MODULES = YES;
				CLANG_ENABLE_OBJC_ARC = YES;
				CLANG_WARN_BOOL_CONVERSION = YES;
				CLANG_WARN_CONSTANT_CONVERSION = YES;
				CLANG_WARN_DIRECT_OBJC_ISA_USAGE = YES_ERROR;
				CLANG_WARN_DOCUMENTATION_COMMENTS = YES;
				CLANG_WARN_EMPTY_BODY = YES;
				CLANG_WARN_ENUM_CONVERSION = YES;
				CLANG_WARN_INFINITE_RECURSION = YES;
				CLANG_WARN_INT_CONVERSION = YES;
				CLANG_WARN_OBJC_ROOT_CLASS = YES_ERROR;
				CLANG_WARN_SUSPICIOUS_MOVES = YES;
				CLANG_WARN_UNREACHABLE_CODE = YES;
				CLANG_WARN__DUPLICATE_METHOD_MATCH = YES;
				CODE_SIGN_IDENTITY = "-";
				COPY_PHASE_STRIP = NO;
				DEBUG_INFORMATION_FORMAT = "dwarf-with-dsym";
				ENABLE_NS_ASSERTIONS = NO;
				ENABLE_STRICT_OBJC_MSGSEND = YES;
				GCC_C_LANGUAGE_STANDARD = gnu99;
				GCC_NO_COMMON_BLOCKS = YES;
				GCC_WARN_64_TO_32_BIT_CONVERSION = YES;
				GCC_WARN_ABOUT_RETURN_TYPE = YES_ERROR;
				GCC_WARN_UNDECLARED_SELECTOR = YES;
				GCC_WARN_UNINITIALIZED_AUTOS = YES_AGGRESSIVE;
				GCC_WARN_UNUSED_FUNCTION = YES;
				GCC_WARN_UNUSED_VARIABLE = YES;
				MACOSX_DEPLOYMENT_TARGET = 10.12;
				MTL_ENABLE_DEBUG_INFO = NO;
				SDKROOT = macosx;
			};
			name = Release;
		};
		9253787D1DFA24A00026847C /* Debug */ = {
			isa = XCBuildConfiguration;
			buildSettings = {
				DEVELOPMENT_TEAM = AFNEC75D99;
				HEADER_SEARCH_PATHS = /usr/local/include;
				LIBRARY_SEARCH_PATHS = (
					"$(inherited)",
					/usr/local/Cellar/glew/2.0.0/lib,
					/usr/local/Cellar/glfw3/3.2.1/lib,
					/usr/local/Cellar/sdl2/2.0.4/lib,
					/usr/local/Cellar/sfml/2.4.0/lib,
				);
				PRODUCT_NAME = "$(TARGET_NAME)";
			};
			name = Debug;
		};
		9253787E1DFA24A00026847C /* Release */ = {
			isa = XCBuildConfiguration;
			buildSettings = {
				DEVELOPMENT_TEAM = AFNEC75D99;
				HEADER_SEARCH_PATHS = /usr/local/include;
				LIBRARY_SEARCH_PATHS = (
					"$(inherited)",
					/usr/local/Cellar/glew/2.0.0/lib,
					/usr/local/Cellar/glfw3/3.2.1/lib,
					/usr/local/Cellar/sdl2/2.0.4/lib,
					/usr/local/Cellar/sfml/2.4.0/lib,
				);
				PRODUCT_NAME = "$(TARGET_NAME)";
			};
			name = Release;
		};
/* End XCBuildConfiguration section */

/* Begin XCConfigurationList section */
		925378701DFA24A00026847C /* Build configuration list for PBXProject "OpenGL-Textures" */ = {
			isa = XCConfigurationList;
			buildConfigurations = (
				9253787A1DFA24A00026847C /* Debug */,
				9253787B1DFA24A00026847C /* Release */,
			);
			defaultConfigurationIsVisible = 0;
			defaultConfigurationName = Release;
		};
		9253787C1DFA24A00026847C /* Build configuration list for PBXNativeTarget "OpenGLTutorial-1" */ = {
			isa = XCConfigurationList;
			buildConfigurations = (
				9253787D1DFA24A00026847C /* Debug */,
				9253787E1DFA24A00026847C /* Release */,
			);
			defaultConfigurationIsVisible = 0;
			defaultConfigurationName = Release;
		};
/* End XCConfigurationList section */
	};
	rootObject = 9253786D1DFA24A00026847C /* Project object */;
}
